
Microsoft Visual Studio Solution File, Format Version 12.00
# Visual Studio Version 17
VisualStudioVersion = 17.8.34408.163
MinimumVisualStudioVersion = 10.0.40219.1
Project("{9A19103F-16F7-4668-BE54-9A1E7A4F7556}") = "ProofOfConceptBLZ", "ProofOfConceptBLZ.csproj", "{0A1867D9-94B2-469F-93A0-9750EA66A93A}"
EndProject
Project("{9A19103F-16F7-4668-BE54-9A1E7A4F7556}") = "DataAccessLibrary", "..\DataAccessLibrary\DataAccessLibrary.csproj", "{E792C655-8959-48A2-A3DE-95AA2A21EB5C}"
EndProject
Global
	GlobalSection(SolutionConfigurationPlatforms) = preSolution
		Debug|Any CPU = Debug|Any CPU
		Release|Any CPU = Release|Any CPU
	EndGlobalSection
	GlobalSection(ProjectConfigurationPlatforms) = postSolution
		{0A1867D9-94B2-469F-93A0-9750EA66A93A}.Debug|Any CPU.ActiveCfg = Debug|Any CPU
		{0A1867D9-94B2-469F-93A0-9750EA66A93A}.Debug|Any CPU.Build.0 = Debug|Any CPU
		{0A1867D9-94B2-469F-93A0-9750EA66A93A}.Release|Any CPU.ActiveCfg = Release|Any CPU
		{0A1867D9-94B2-469F-93A0-9750EA66A93A}.Release|Any CPU.Build.0 = Release|Any CPU
		{E792C655-8959-48A2-A3DE-95AA2A21EB5C}.Debug|Any CPU.ActiveCfg = Debug|Any CPU
		{E792C655-8959-48A2-A3DE-95AA2A21EB5C}.Debug|Any CPU.Build.0 = Debug|Any CPU
		{E792C655-8959-48A2-A3DE-95AA2A21EB5C}.Release|Any CPU.ActiveCfg = Release|Any CPU
		{E792C655-8959-48A2-A3DE-95AA2A21EB5C}.Release|Any CPU.Build.0 = Release|Any CPU
	EndGlobalSection
	GlobalSection(SolutionProperties) = preSolution
		HideSolutionNode = FALSE
	EndGlobalSection
	GlobalSection(ExtensibilityGlobals) = postSolution
		SolutionGuid = {5555AFC7-7619-480F-8F6B-06E645D61EDA}
	EndGlobalSection
EndGlobal
